
Microsoft Visual Studio Solution File, Format Version 12.00
# Visual Studio Version 17
VisualStudioVersion = 17.7.34031.279
MinimumVisualStudioVersion = 10.0.40219.1
Project("{FAE04EC0-301F-11D3-BF4B-00C04F79EFBC}") = "Eventsoef", "Eventsoef\Eventsoef.csproj", "{B85324BC-76C8-44F8-89F6-668A8323EF28}"
EndProject
Global
	GlobalSection(SolutionConfigurationPlatforms) = preSolution
		Debug|Any CPU = Debug|Any CPU
		Release|Any CPU = Release|Any CPU
	EndGlobalSection
	GlobalSection(ProjectConfigurationPlatforms) = postSolution
		{B85324BC-76C8-44F8-89F6-668A8323EF28}.Debug|Any CPU.ActiveCfg = Debug|Any CPU
		{B85324BC-76C8-44F8-89F6-668A8323EF28}.Debug|Any CPU.Build.0 = Debug|Any CPU
		{B85324BC-76C8-44F8-89F6-668A8323EF28}.Release|Any CPU.ActiveCfg = Release|Any CPU
		{B85324BC-76C8-44F8-89F6-668A8323EF28}.Release|Any CPU.Build.0 = Release|Any CPU
	EndGlobalSection
	GlobalSection(SolutionProperties) = preSolution
		HideSolutionNode = FALSE
	EndGlobalSection
	GlobalSection(ExtensibilityGlobals) = postSolution
		SolutionGuid = {99AE6174-CB1B-48C2-AA57-B1A7E79A7392}
	EndGlobalSection
EndGlobal
